{
  "name": "AgenticDungeonMaster",
  "lockfileVersion": 3,
  "requires": true,
  "packages": {
    "": {
      "dependencies": {
        "groq-sdk": "^1.1.2",
        "typescript": "^6.0.3"
      }
    },
    "node_modules/groq-sdk": {
      "version": "1.1.2",
      "resolved": "https://registry.npmjs.org/groq-sdk/-/groq-sdk-1.1.2.tgz",
      "integrity": "sha512-CZO0XUQQDhn43ri1+lZHxZKpb+bGutgTvFmCJtooexiitGmPqhm1hntOT3nCoaq07e+OpeokVnfUs0i/oQuUaQ==",
      "license": "Apache-2.0",
      "bin": {
        "groq-sdk": "bin/cli"
      }
    },
    "node_modules/typescript": {
      "version": "6.0.3",
      "resolved": "https://registry.npmjs.org/typescript/-/typescript-6.0.3.tgz",
      "integrity": "sha512-y2TvuxSZPDyQakkFRPZHKFm+KKVqIisdg9/CZwm9ftvKXLP8NRWj38/ODjNbr43SsoXqNuAisEf1GdCxqWcdBw==",
      "license": "Apache-2.0",
      "bin": {
        "tsc": "bin/tsc",
        "tsserver": "bin/tsserver"
      },
      "engines": {
        "node": ">=14.17"
      }
    }
  }
}
